
Microsoft Visual Studio Solution File, Format Version 12.00
# Visual Studio Version 17
VisualStudioVersion = 17.13.35931.197 d17.13
MinimumVisualStudioVersion = 10.0.40219.1
Project("{FAE04EC0-301F-11D3-BF4B-00C04F79EFBC}") = "Assessment_Matching_Engine", "Assessment_Matching_Engine\Assessment_Matching_Engine.csproj", "{45783F18-6FA1-46A0-BEF5-DFA64CC04780}"
EndProject
Global
	GlobalSection(SolutionConfigurationPlatforms) = preSolution
		Debug|Any CPU = Debug|Any CPU
		Release|Any CPU = Release|Any CPU
	EndGlobalSection
	GlobalSection(ProjectConfigurationPlatforms) = postSolution
		{45783F18-6FA1-46A0-BEF5-DFA64CC04780}.Debug|Any CPU.ActiveCfg = Debug|Any CPU
		{45783F18-6FA1-46A0-BEF5-DFA64CC04780}.Debug|Any CPU.Build.0 = Debug|Any CPU
		{45783F18-6FA1-46A0-BEF5-DFA64CC04780}.Release|Any CPU.ActiveCfg = Release|Any CPU
		{45783F18-6FA1-46A0-BEF5-DFA64CC04780}.Release|Any CPU.Build.0 = Release|Any CPU
	EndGlobalSection
	GlobalSection(SolutionProperties) = preSolution
		HideSolutionNode = FALSE
	EndGlobalSection
	GlobalSection(ExtensibilityGlobals) = postSolution
		SolutionGuid = {D5C7B355-03E7-4970-871D-AF246ADD36C3}
	EndGlobalSection
EndGlobal
